
Microsoft Visual Studio Solution File, Format Version 12.00
# Visual Studio Version 16
VisualStudioVersion = 16.0.30611.23
MinimumVisualStudioVersion = 10.0.40219.1
Project("{FAE04EC0-301F-11D3-BF4B-00C04F79EFBC}") = "neKot_app.Android", "neKot_app.Android\neKot_app.Android.csproj", "{2DC1791A-5264-48F7-8B70-797812E75FDC}"
EndProject
Project("{FAE04EC0-301F-11D3-BF4B-00C04F79EFBC}") = "neKot_app.iOS", "neKot_app.iOS\neKot_app.iOS.csproj", "{89899F00-C14A-49A5-BF71-AA93657FBF81}"
EndProject
Project("{9A19103F-16F7-4668-BE54-9A1E7A4F7556}") = "neKot_app", "neKot_app\neKot_app.csproj", "{66B23F89-F1AF-4E0C-BCB0-41D07D693125}"
EndProject
Global
	GlobalSection(SolutionConfigurationPlatforms) = preSolution
		Debug|Any CPU = Debug|Any CPU
		Debug|iPhone = Debug|iPhone
		Debug|iPhoneSimulator = Debug|iPhoneSimulator
		Release|Any CPU = Release|Any CPU
		Release|iPhone = Release|iPhone
		Release|iPhoneSimulator = Release|iPhoneSimulator
	EndGlobalSection
	GlobalSection(ProjectConfigurationPlatforms) = postSolution
		{2DC1791A-5264-48F7-8B70-797812E75FDC}.Debug|Any CPU.ActiveCfg = Debug|Any CPU
		{2DC1791A-5264-48F7-8B70-797812E75FDC}.Debug|Any CPU.Build.0 = Debug|Any CPU
		{2DC1791A-5264-48F7-8B70-797812E75FDC}.Debug|Any CPU.Deploy.0 = Debug|Any CPU
		{2DC1791A-5264-48F7-8B70-797812E75FDC}.Debug|iPhone.ActiveCfg = Debug|Any CPU
		{2DC1791A-5264-48F7-8B70-797812E75FDC}.Debug|iPhone.Build.0 = Debug|Any CPU
		{2DC1791A-5264-48F7-8B70-797812E75FDC}.Debug|iPhone.Deploy.0 = Debug|Any CPU
		{2DC1791A-5264-48F7-8B70-797812E75FDC}.Debug|iPhoneSimulator.ActiveCfg = Debug|Any CPU
		{2DC1791A-5264-48F7-8B70-797812E75FDC}.Debug|iPhoneSimulator.Build.0 = Debug|Any CPU
		{2DC1791A-5264-48F7-8B70-797812E75FDC}.Debug|iPhoneSimulator.Deploy.0 = Debug|Any CPU
		{2DC1791A-5264-48F7-8B70-797812E75FDC}.Release|Any CPU.ActiveCfg = Release|Any CPU
		{2DC1791A-5264-48F7-8B70-797812E75FDC}.Release|Any CPU.Build.0 = Release|Any CPU
		{2DC1791A-5264-48F7-8B70-797812E75FDC}.Release|Any CPU.Deploy.0 = Release|Any CPU
		{2DC1791A-5264-48F7-8B70-797812E75FDC}.Release|iPhone.ActiveCfg = Release|Any CPU
		{2DC1791A-5264-48F7-8B70-797812E75FDC}.Release|iPhone.Build.0 = Release|Any CPU
		{2DC1791A-5264-48F7-8B70-797812E75FDC}.Release|iPhone.Deploy.0 = Release|Any CPU
		{2DC1791A-5264-48F7-8B70-797812E75FDC}.Release|iPhoneSimulator.ActiveCfg = Release|Any CPU
		{2DC1791A-5264-48F7-8B70-797812E75FDC}.Release|iPhoneSimulator.Build.0 = Release|Any CPU
		{2DC1791A-5264-48F7-8B70-797812E75FDC}.Release|iPhoneSimulator.Deploy.0 = Release|Any CPU
		{89899F00-C14A-49A5-BF71-AA93657FBF81}.Debug|Any CPU.ActiveCfg = Debug|iPhone
		{89899F00-C14A-49A5-BF71-AA93657FBF81}.Debug|Any CPU.Build.0 = Debug|iPhone
		{89899F00-C14A-49A5-BF71-AA93657FBF81}.Debug|Any CPU.Deploy.0 = Debug|iPhone
		{89899F00-C14A-49A5-BF71-AA93657FBF81}.Debug|iPhone.ActiveCfg = Debug|iPhone
		{89899F00-C14A-49A5-BF71-AA93657FBF81}.Debug|iPhone.Build.0 = Debug|iPhone
		{89899F00-C14A-49A5-BF71-AA93657FBF81}.Debug|iPhone.Deploy.0 = Debug|iPhone
		{89899F00-C14A-49A5-BF71-AA93657FBF81}.Debug|iPhoneSimulator.ActiveCfg = Debug|iPhoneSimulator
		{89899F00-C14A-49A5-BF71-AA93657FBF81}.Debug|iPhoneSimulator.Build.0 = Debug|iPhoneSimulator
		{89899F00-C14A-49A5-BF71-AA93657FBF81}.Debug|iPhoneSimulator.Deploy.0 = Debug|iPhoneSimulator
		{89899F00-C14A-49A5-BF71-AA93657FBF81}.Release|Any CPU.ActiveCfg = Release|iPhoneSimulator
		{89899F00-C14A-49A5-BF71-AA93657FBF81}.Release|Any CPU.Build.0 = Release|iPhoneSimulator
		{89899F00-C14A-49A5-BF71-AA93657FBF81}.Release|Any CPU.Deploy.0 = Release|iPhoneSimulator
		{89899F00-C14A-49A5-BF71-AA93657FBF81}.Release|iPhone.ActiveCfg = Release|iPhone
		{89899F00-C14A-49A5-BF71-AA93657FBF81}.Release|iPhone.Build.0 = Release|iPhone
		{89899F00-C14A-49A5-BF71-AA93657FBF81}.Release|iPhone.Deploy.0 = Release|iPhone
		{89899F00-C14A-49A5-BF71-AA93657FBF81}.Release|iPhoneSimulator.ActiveCfg = Release|iPhoneSimulator
		{89899F00-C14A-49A5-BF71-AA93657FBF81}.Release|iPhoneSimulator.Build.0 = Release|iPhoneSimulator
		{89899F00-C14A-49A5-BF71-AA93657FBF81}.Release|iPhoneSimulator.Deploy.0 = Release|iPhoneSimulator
		{66B23F89-F1AF-4E0C-BCB0-41D07D693125}.Debug|Any CPU.ActiveCfg = Debug|Any CPU
		{66B23F89-F1AF-4E0C-BCB0-41D07D693125}.Debug|Any CPU.Build.0 = Debug|Any CPU
		{66B23F89-F1AF-4E0C-BCB0-41D07D693125}.Debug|Any CPU.Deploy.0 = Debug|Any CPU
		{66B23F89-F1AF-4E0C-BCB0-41D07D693125}.Debug|iPhone.ActiveCfg = Debug|Any CPU
		{66B23F89-F1AF-4E0C-BCB0-41D07D693125}.Debug|iPhone.Build.0 = Debug|Any CPU
		{66B23F89-F1AF-4E0C-BCB0-41D07D693125}.Debug|iPhone.Deploy.0 = Debug|Any CPU
		{66B23F89-F1AF-4E0C-BCB0-41D07D693125}.Debug|iPhoneSimulator.ActiveCfg = Debug|Any CPU
		{66B23F89-F1AF-4E0C-BCB0-41D07D693125}.Debug|iPhoneSimulator.Build.0 = Debug|Any CPU
		{66B23F89-F1AF-4E0C-BCB0-41D07D693125}.Debug|iPhoneSimulator.Deploy.0 = Debug|Any CPU
		{66B23F89-F1AF-4E0C-BCB0-41D07D693125}.Release|Any CPU.ActiveCfg = Release|Any CPU
		{66B23F89-F1AF-4E0C-BCB0-41D07D693125}.Release|Any CPU.Build.0 = Release|Any CPU
		{66B23F89-F1AF-4E0C-BCB0-41D07D693125}.Release|Any CPU.Deploy.0 = Release|Any CPU
		{66B23F89-F1AF-4E0C-BCB0-41D07D693125}.Release|iPhone.ActiveCfg = Release|Any CPU
		{66B23F89-F1AF-4E0C-BCB0-41D07D693125}.Release|iPhone.Build.0 = Release|Any CPU
		{66B23F89-F1AF-4E0C-BCB0-41D07D693125}.Release|iPhone.Deploy.0 = Release|Any CPU
		{66B23F89-F1AF-4E0C-BCB0-41D07D693125}.Release|iPhoneSimulator.ActiveCfg = Release|Any CPU
		{66B23F89-F1AF-4E0C-BCB0-41D07D693125}.Release|iPhoneSimulator.Build.0 = Release|Any CPU
		{66B23F89-F1AF-4E0C-BCB0-41D07D693125}.Release|iPhoneSimulator.Deploy.0 = Release|Any CPU
	EndGlobalSection
	GlobalSection(SolutionProperties) = preSolution
		HideSolutionNode = FALSE
	EndGlobalSection
	GlobalSection(ExtensibilityGlobals) = postSolution
		SolutionGuid = {7B902CC3-A9DD-459C-B998-134AD88C56BD}
	EndGlobalSection
EndGlobal
